
Microsoft Visual Studio Solution File, Format Version 12.00
# Visual Studio Version 16
VisualStudioVersion = 16.0.30717.126
MinimumVisualStudioVersion = 10.0.40219.1
Project("{FAE04EC0-301F-11D3-BF4B-00C04F79EFBC}") = "WS", "WS\WS.csproj", "{C47D74B2-A781-40E9-A6EB-75FD0800AA01}"
EndProject
Global
	GlobalSection(SolutionConfigurationPlatforms) = preSolution
		Debug|Any CPU = Debug|Any CPU
		Release|Any CPU = Release|Any CPU
	EndGlobalSection
	GlobalSection(ProjectConfigurationPlatforms) = postSolution
		{C47D74B2-A781-40E9-A6EB-75FD0800AA01}.Debug|Any CPU.ActiveCfg = Debug|Any CPU
		{C47D74B2-A781-40E9-A6EB-75FD0800AA01}.Debug|Any CPU.Build.0 = Debug|Any CPU
		{C47D74B2-A781-40E9-A6EB-75FD0800AA01}.Release|Any CPU.ActiveCfg = Release|Any CPU
		{C47D74B2-A781-40E9-A6EB-75FD0800AA01}.Release|Any CPU.Build.0 = Release|Any CPU
	EndGlobalSection
	GlobalSection(SolutionProperties) = preSolution
		HideSolutionNode = FALSE
	EndGlobalSection
	GlobalSection(ExtensibilityGlobals) = postSolution
		SolutionGuid = {E618285F-87CA-4AAF-AFD8-748F7501E527}
	EndGlobalSection
EndGlobal
